
Microsoft Visual Studio Solution File, Format Version 12.00
# Visual Studio Version 16
VisualStudioVersion = 16.0.31729.503
MinimumVisualStudioVersion = 10.0.40219.1
Project("{8BC9CEB8-8B4A-11D0-8D11-00A0C91BC942}") = "WS6_P1", "WS6_P1.vcxproj", "{500DAD86-1F44-4E13-B597-6D30EB4CE27F}"
EndProject
Global
	GlobalSection(SolutionConfigurationPlatforms) = preSolution
		Debug|x64 = Debug|x64
		Debug|x86 = Debug|x86
		Release|x64 = Release|x64
		Release|x86 = Release|x86
	EndGlobalSection
	GlobalSection(ProjectConfigurationPlatforms) = postSolution
		{500DAD86-1F44-4E13-B597-6D30EB4CE27F}.Debug|x64.ActiveCfg = Debug|x64
		{500DAD86-1F44-4E13-B597-6D30EB4CE27F}.Debug|x64.Build.0 = Debug|x64
		{500DAD86-1F44-4E13-B597-6D30EB4CE27F}.Debug|x86.ActiveCfg = Debug|Win32
		{500DAD86-1F44-4E13-B597-6D30EB4CE27F}.Debug|x86.Build.0 = Debug|Win32
		{500DAD86-1F44-4E13-B597-6D30EB4CE27F}.Release|x64.ActiveCfg = Release|x64
		{500DAD86-1F44-4E13-B597-6D30EB4CE27F}.Release|x64.Build.0 = Release|x64
		{500DAD86-1F44-4E13-B597-6D30EB4CE27F}.Release|x86.ActiveCfg = Release|Win32
		{500DAD86-1F44-4E13-B597-6D30EB4CE27F}.Release|x86.Build.0 = Release|Win32
	EndGlobalSection
	GlobalSection(SolutionProperties) = preSolution
		HideSolutionNode = FALSE
	EndGlobalSection
	GlobalSection(ExtensibilityGlobals) = postSolution
		SolutionGuid = {80B2A7C0-6B15-40BF-A661-AC645F9C9A96}
	EndGlobalSection
EndGlobal
